
Microsoft Visual Studio Solution File, Format Version 12.00
# Visual Studio Version 17
VisualStudioVersion = 17.8.34330.188
MinimumVisualStudioVersion = 10.0.40219.1
Project("{9A19103F-16F7-4668-BE54-9A1E7A4F7556}") = "CleanArchitecture.CorePackages.Persistance", "CleanArchitecture.CorePackages.Persistance\CleanArchitecture.CorePackages.Persistance.csproj", "{A910B555-AB2E-478F-AD74-06B756E43AB9}"
EndProject
Project("{9A19103F-16F7-4668-BE54-9A1E7A4F7556}") = "CleanArchitecture.CorePackages.Application", "CleanArchitecture.CorePackages.Application\CleanArchitecture.CorePackages.Application.csproj", "{E91BB6CC-AF33-4C9E-9A7B-8BAE62706AF9}"
EndProject
Project("{9A19103F-16F7-4668-BE54-9A1E7A4F7556}") = "CleanArchitecture.CorePackages.CrossCuttingConcerns", "CleanArchitecture.CorePackages.CrossCuttingConcerns\CleanArchitecture.CorePackages.CrossCuttingConcerns.csproj", "{9F06D88E-A384-42E5-B68C-D659900C0F5F}"
EndProject
Project("{FAE04EC0-301F-11D3-BF4B-00C04F79EFBC}") = "CleanArchitecture.CorePackages.Security", "CleanArchitecture.CorePackages.Security\CleanArchitecture.CorePackages.Security.csproj", "{9C182821-AABE-4EB6-90AC-3CCE09E4B3BF}"
EndProject
Global
	GlobalSection(SolutionConfigurationPlatforms) = preSolution
		Debug|Any CPU = Debug|Any CPU
		Release|Any CPU = Release|Any CPU
	EndGlobalSection
	GlobalSection(ProjectConfigurationPlatforms) = postSolution
		{A910B555-AB2E-478F-AD74-06B756E43AB9}.Debug|Any CPU.ActiveCfg = Debug|Any CPU
		{A910B555-AB2E-478F-AD74-06B756E43AB9}.Debug|Any CPU.Build.0 = Debug|Any CPU
		{A910B555-AB2E-478F-AD74-06B756E43AB9}.Release|Any CPU.ActiveCfg = Release|Any CPU
		{A910B555-AB2E-478F-AD74-06B756E43AB9}.Release|Any CPU.Build.0 = Release|Any CPU
		{E91BB6CC-AF33-4C9E-9A7B-8BAE62706AF9}.Debug|Any CPU.ActiveCfg = Debug|Any CPU
		{E91BB6CC-AF33-4C9E-9A7B-8BAE62706AF9}.Debug|Any CPU.Build.0 = Debug|Any CPU
		{E91BB6CC-AF33-4C9E-9A7B-8BAE62706AF9}.Release|Any CPU.ActiveCfg = Release|Any CPU
		{E91BB6CC-AF33-4C9E-9A7B-8BAE62706AF9}.Release|Any CPU.Build.0 = Release|Any CPU
		{9F06D88E-A384-42E5-B68C-D659900C0F5F}.Debug|Any CPU.ActiveCfg = Debug|Any CPU
		{9F06D88E-A384-42E5-B68C-D659900C0F5F}.Debug|Any CPU.Build.0 = Debug|Any CPU
		{9F06D88E-A384-42E5-B68C-D659900C0F5F}.Release|Any CPU.ActiveCfg = Release|Any CPU
		{9F06D88E-A384-42E5-B68C-D659900C0F5F}.Release|Any CPU.Build.0 = Release|Any CPU
		{9C182821-AABE-4EB6-90AC-3CCE09E4B3BF}.Debug|Any CPU.ActiveCfg = Debug|Any CPU
		{9C182821-AABE-4EB6-90AC-3CCE09E4B3BF}.Debug|Any CPU.Build.0 = Debug|Any CPU
		{9C182821-AABE-4EB6-90AC-3CCE09E4B3BF}.Release|Any CPU.ActiveCfg = Release|Any CPU
		{9C182821-AABE-4EB6-90AC-3CCE09E4B3BF}.Release|Any CPU.Build.0 = Release|Any CPU
	EndGlobalSection
	GlobalSection(SolutionProperties) = preSolution
		HideSolutionNode = FALSE
	EndGlobalSection
	GlobalSection(ExtensibilityGlobals) = postSolution
		SolutionGuid = {29A1FAC4-BAB2-4C60-97A9-CB7AEF882F6C}
	EndGlobalSection
EndGlobal
